
Microsoft Visual Studio Solution File, Format Version 12.00
# Visual Studio Version 17
VisualStudioVersion = 17.1.32210.238
MinimumVisualStudioVersion = 10.0.40219.1
Project("{2150E333-8FDC-42A3-9474-1A3956D46DE8}") = "_Framework", "_Framework", "{01634C96-D03E-4F3A-A899-85949CEE889A}"
EndProject
Project("{9A19103F-16F7-4668-BE54-9A1E7A4F7556}") = "Framework", "Framework\Framework.csproj", "{D3B1DC2E-F3AA-437C-BDA5-15A33786C0AE}"
EndProject
Project("{2150E333-8FDC-42A3-9474-1A3956D46DE8}") = "ShopManagement", "ShopManagement", "{7959443C-E579-4D6C-834F-C2F944F87CB2}"
EndProject
Project("{2150E333-8FDC-42A3-9474-1A3956D46DE8}") = "Domain", "Domain", "{A83CCE22-A904-4750-B4F4-9182C6194DC6}"
EndProject
Project("{9A19103F-16F7-4668-BE54-9A1E7A4F7556}") = "SM.Domain", "SM.Domain\SM.Domain.csproj", "{29F52AF1-D9A9-4539-B1F3-90C33676C8B4}"
EndProject
Project("{2150E333-8FDC-42A3-9474-1A3956D46DE8}") = "Application", "Application", "{C5B9C3CE-1431-49F8-8CCC-6EDEB08D504F}"
EndProject
Project("{9A19103F-16F7-4668-BE54-9A1E7A4F7556}") = "SM.Application", "SM.Application\SM.Application.csproj", "{C2BE17D2-D5D5-4D1E-A7DA-281E98EB4C1E}"
EndProject
Project("{9A19103F-16F7-4668-BE54-9A1E7A4F7556}") = "SM.Application.Contract", "SM.Application.Contract\SM.Application.Contract.csproj", "{1992F252-71EA-47FD-8045-1546050409EE}"
EndProject
Project("{2150E333-8FDC-42A3-9474-1A3956D46DE8}") = "Infrastructure", "Infrastructure", "{D29422F7-F8D2-4818-A753-18BE02C037A0}"
EndProject
Project("{9A19103F-16F7-4668-BE54-9A1E7A4F7556}") = "SM.Infrastructure.EFCore", "SM.Infrastructure.EFCore\SM.Infrastructure.EFCore.csproj", "{CCC54C54-C7D6-4B7D-A589-0F28B61D1D1C}"
EndProject
Project("{9A19103F-16F7-4668-BE54-9A1E7A4F7556}") = "SM.Infrastructure.Configure", "Infrastructure.IoC\SM.Infrastructure.Configure.csproj", "{0A3ECDB4-E86F-4F2B-A6BA-D08D7DFE0E9E}"
EndProject
Project("{9A19103F-16F7-4668-BE54-9A1E7A4F7556}") = "ServiceHost", "ServiceHost\ServiceHost.csproj", "{3DEE461F-AA5A-4CD6-BA66-F16887EFD763}"
EndProject
Project("{2150E333-8FDC-42A3-9474-1A3956D46DE8}") = "_Query", "_Query", "{BEFBCD93-1ECB-4E58-B8A4-FA114264AED5}"
EndProject
Project("{9A19103F-16F7-4668-BE54-9A1E7A4F7556}") = "Query", "Query\Query.csproj", "{655F26E1-E6DB-4A44-94AB-73A655A4D988}"
EndProject
Project("{2150E333-8FDC-42A3-9474-1A3956D46DE8}") = "DiscountManagement", "DiscountManagement", "{D6D4D629-D1B6-4383-AAED-8DD0560A0585}"
EndProject
Project("{2150E333-8FDC-42A3-9474-1A3956D46DE8}") = "Application", "Application", "{C01D0D33-29CD-402B-AC5F-457767FBFFFA}"
EndProject
Project("{2150E333-8FDC-42A3-9474-1A3956D46DE8}") = "Domain", "Domain", "{4507E826-F203-485E-8387-BC602289EEFC}"
EndProject
Project("{2150E333-8FDC-42A3-9474-1A3956D46DE8}") = "Infrastructure", "Infrastructure", "{5611E876-7B98-43A9-A4B3-D886F9F05E46}"
EndProject
Project("{9A19103F-16F7-4668-BE54-9A1E7A4F7556}") = "DM.Application.Contracts", "DM.Application.Contracts\DM.Application.Contracts.csproj", "{F1DF0EB3-39DA-4DDC-8111-1B658F65B821}"
EndProject
Project("{9A19103F-16F7-4668-BE54-9A1E7A4F7556}") = "DM.Application", "DM.Application\DM.Application.csproj", "{3CA56CEF-6835-4436-AEB7-0687B8D131B3}"
EndProject
Project("{9A19103F-16F7-4668-BE54-9A1E7A4F7556}") = "DM.Domain", "DM.Domain\DM.Domain.csproj", "{24D527EC-F187-4A8C-A1E0-DD1827F1F705}"
EndProject
Project("{9A19103F-16F7-4668-BE54-9A1E7A4F7556}") = "DM.Infrastructure.Configure", "DM.Infrastructure.IoC\DM.Infrastructure.Configure.csproj", "{5BDFF83C-2454-44D2-857B-4FCDE18F9B74}"
EndProject
Project("{9A19103F-16F7-4668-BE54-9A1E7A4F7556}") = "DM.Infrastructure.EFCore", "DM.Infrastructure.EFCore\DM.Infrastructure.EFCore.csproj", "{66D1BDF8-98F6-4009-8746-518B814BCAD4}"
EndProject
Project("{2150E333-8FDC-42A3-9474-1A3956D46DE8}") = "InventoryManagement", "InventoryManagement", "{E5CB496F-1B12-475C-AE9B-7EADE338E07F}"
EndProject
Project("{2150E333-8FDC-42A3-9474-1A3956D46DE8}") = "Domain", "Domain", "{FAC3176A-D240-4E83-B1BB-C46282939A03}"
EndProject
Project("{9A19103F-16F7-4668-BE54-9A1E7A4F7556}") = "IM.Domain", "IM.Domain\IM.Domain.csproj", "{96F5B640-8FAD-4AAA-A43D-166FB7429880}"
EndProject
Project("{2150E333-8FDC-42A3-9474-1A3956D46DE8}") = "Application", "Application", "{8137AF19-E707-47DA-A187-31C40F6A4DEA}"
EndProject
Project("{9A19103F-16F7-4668-BE54-9A1E7A4F7556}") = "IM.Application.Contracts", "IM.Application.Contracts\IM.Application.Contracts.csproj", "{013176E9-47A7-4F60-9050-2BA7589924AA}"
EndProject
Project("{9A19103F-16F7-4668-BE54-9A1E7A4F7556}") = "IM.Application", "IM.Application\IM.Application.csproj", "{C8D4D471-E413-4103-8AFF-B5F3545E65D4}"
EndProject
Project("{2150E333-8FDC-42A3-9474-1A3956D46DE8}") = "Infrastructure", "Infrastructure", "{F196F85D-B27A-45B0-BF26-E300903BF258}"
EndProject
Project("{9A19103F-16F7-4668-BE54-9A1E7A4F7556}") = "IM.Infrastructure.EFCore", "IM.Infrastructure.EFCore\IM.Infrastructure.EFCore.csproj", "{BF40D1CB-5C47-46C2-8147-75DDDB2188B0}"
EndProject
Project("{9A19103F-16F7-4668-BE54-9A1E7A4F7556}") = "IM.Infrastructure.Configure", "IM.Infrastructure.IoC\IM.Infrastructure.Configure.csproj", "{8B6C4F33-3DCE-4AAD-B2EF-F0B8A5A80922}"
EndProject
Project("{2150E333-8FDC-42A3-9474-1A3956D46DE8}") = "BlogManagement", "BlogManagement", "{2C4A763C-3377-4062-9F9B-7097EB583A27}"
EndProject
Project("{2150E333-8FDC-42A3-9474-1A3956D46DE8}") = "Application", "Application", "{C3754F7E-16D8-4495-ACAF-332E9238F611}"
EndProject
Project("{2150E333-8FDC-42A3-9474-1A3956D46DE8}") = "Domain", "Domain", "{07234B5B-201F-422D-9298-46CE75E904E3}"
EndProject
Project("{2150E333-8FDC-42A3-9474-1A3956D46DE8}") = "Infrastructure", "Infrastructure", "{39549240-B01C-4DFA-9EF6-72CE40E6021B}"
EndProject
Project("{9A19103F-16F7-4668-BE54-9A1E7A4F7556}") = "BM.Domain", "BM.Domain\BM.Domain.csproj", "{DF7B8A09-8859-4C4F-984A-B4EF78B16A5B}"
EndProject
Project("{9A19103F-16F7-4668-BE54-9A1E7A4F7556}") = "BM.Application", "BM.Application\BM.Application.csproj", "{444F09CB-FE90-4EC5-8940-46302BC6FE20}"
EndProject
Project("{9A19103F-16F7-4668-BE54-9A1E7A4F7556}") = "BM.Application.Contract", "BM.Application.Contract\BM.Application.Contract.csproj", "{E9F4C97C-84F4-4826-A37A-4B54691DDB0C}"
EndProject
Project("{9A19103F-16F7-4668-BE54-9A1E7A4F7556}") = "BM.Infrastructure.EFCore", "BM.Infrastructure.EFCore\BM.Infrastructure.EFCore.csproj", "{4BB9A5B0-8554-4768-94A3-D48DAC6270B0}"
EndProject
Project("{9A19103F-16F7-4668-BE54-9A1E7A4F7556}") = "BM.Infrastructure.Configure", "BM.Infrastructure.IoC\BM.Infrastructure.Configure.csproj", "{A13BE000-865B-48C7-8162-6DD87BC23326}"
EndProject
Project("{2150E333-8FDC-42A3-9474-1A3956D46DE8}") = "CommentManagement", "CommentManagement", "{98E26C24-3803-49E1-B5D0-D50E63F43B0B}"
EndProject
Project("{2150E333-8FDC-42A3-9474-1A3956D46DE8}") = "Domain", "Domain", "{C4B6F29B-B237-4AD2-A2D5-4AB3518EB934}"
EndProject
Project("{2150E333-8FDC-42A3-9474-1A3956D46DE8}") = "Application", "Application", "{88B243E2-7074-4582-B69B-83D6D35DFEF2}"
EndProject
Project("{2150E333-8FDC-42A3-9474-1A3956D46DE8}") = "Infrastructure", "Infrastructure", "{91AD27B5-B24E-488C-A282-64093E4A25DD}"
EndProject
Project("{9A19103F-16F7-4668-BE54-9A1E7A4F7556}") = "CM.Domain", "CM.Domain\CM.Domain.csproj", "{C8CA96EC-7298-4F4B-ACFE-6202F470AF09}"
EndProject
Project("{9A19103F-16F7-4668-BE54-9A1E7A4F7556}") = "CM.Application.Contract", "CM.Application.Contract\CM.Application.Contract.csproj", "{23A8ED80-3649-4E86-9480-684BC7D8FE2B}"
EndProject
Project("{9A19103F-16F7-4668-BE54-9A1E7A4F7556}") = "CM.Application", "CM.Application\CM.Application.csproj", "{EE268C97-C82B-4A40-A97F-654CACF209E7}"
EndProject
Project("{9A19103F-16F7-4668-BE54-9A1E7A4F7556}") = "CM.Infrastructure.EFCore", "CM.Infrastructure.EFCore\CM.Infrastructure.EFCore.csproj", "{B89DD5B4-594E-4B08-981D-33BEED47071E}"
EndProject
Project("{9A19103F-16F7-4668-BE54-9A1E7A4F7556}") = "CM.Infrastructure.Configure", "CM.Infrastructure.IoC\CM.Infrastructure.Configure.csproj", "{5D2738F8-9BB8-4565-99A0-4BC4575EE023}"
EndProject
Project("{2150E333-8FDC-42A3-9474-1A3956D46DE8}") = "AccountManagement", "AccountManagement", "{56F77ED1-232B-479B-8A06-0F7A30CA1BED}"
EndProject
Project("{2150E333-8FDC-42A3-9474-1A3956D46DE8}") = "Domain", "Domain", "{9466ACC4-08C5-45DB-B08A-6CAA74936A90}"
EndProject
Project("{2150E333-8FDC-42A3-9474-1A3956D46DE8}") = "Application", "Application", "{95B71879-F550-4970-AD35-119CDEABF31B}"
EndProject
Project("{2150E333-8FDC-42A3-9474-1A3956D46DE8}") = "Infrastructure", "Infrastructure", "{7F5E987D-2B67-4DDB-8961-394F25DFC281}"
EndProject
Project("{9A19103F-16F7-4668-BE54-9A1E7A4F7556}") = "AM.Application.Contract", "AM.Application.Contract\AM.Application.Contract.csproj", "{61832501-FADC-4AAB-B279-C62678A2C71E}"
EndProject
Project("{9A19103F-16F7-4668-BE54-9A1E7A4F7556}") = "AM.Application", "AM.Application\AM.Application.csproj", "{3EEF7A47-6861-4603-A0C6-92D8D3FF14BE}"
EndProject
Project("{9A19103F-16F7-4668-BE54-9A1E7A4F7556}") = "AM.Domain", "AM.Domain\AM.Domain.csproj", "{9F190BA1-9057-4680-A4C9-10E4F1215B1E}"
EndProject
Project("{9A19103F-16F7-4668-BE54-9A1E7A4F7556}") = "AM.Infrastructure.EFCore", "AM.Infrastructure.EFCore\AM.Infrastructure.EFCore.csproj", "{5DD8B15F-BED4-4B53-A2C8-ACB4078A52BC}"
EndProject
Project("{9A19103F-16F7-4668-BE54-9A1E7A4F7556}") = "AM.Infrastructure.Configure", "AM.Infrastructure.IoC\AM.Infrastructure.Configure.csproj", "{F623EF8C-A3B1-4FD1-A01D-80E4456AE7AE}"
EndProject
Project("{9A19103F-16F7-4668-BE54-9A1E7A4F7556}") = "SM.Infrastructure.InventoryAcl", "SM.Infrastructure.Acl\SM.Infrastructure.InventoryAcl.csproj", "{E59FA919-FC12-42C4-AB73-922DDE355787}"
EndProject
Project("{2150E333-8FDC-42A3-9474-1A3956D46DE8}") = "Presentation", "Presentation", "{15A2F634-88C5-4AB5-B8D8-B0BC12B1C0D6}"
EndProject
Project("{9A19103F-16F7-4668-BE54-9A1E7A4F7556}") = "SM.Presentation.Api", "SM.Presentation.Api\SM.Presentation.Api.csproj", "{C5EF3C22-1416-4094-88F6-3DD79570F88D}"
EndProject
Project("{2150E333-8FDC-42A3-9474-1A3956D46DE8}") = "Presentation", "Presentation", "{F49390DC-E6B3-49AE-A4CA-80C9B9FB1BA1}"
EndProject
Project("{9A19103F-16F7-4668-BE54-9A1E7A4F7556}") = "IM.Presentation.Api", "IM.Presentation.Api\IM.Presentation.Api.csproj", "{9BA58DEC-8085-4201-8A71-7D4ADD87835C}"
EndProject
Project("{2150E333-8FDC-42A3-9474-1A3956D46DE8}") = "Presentation", "Presentation", "{C1D0D213-6583-44C7-85B8-11090323F4AE}"
EndProject
Project("{9A19103F-16F7-4668-BE54-9A1E7A4F7556}") = "BM.Presentation.Api", "BM.Presentation.Api\BM.Presentation.Api.csproj", "{B2C0B730-26DF-41BB-8047-D2A96D98F1A6}"
EndProject
Project("{FAE04EC0-301F-11D3-BF4B-00C04F79EFBC}") = "SM.Infrastructure.AccountAcl", "SM.Infrastructure.AccountAcl\SM.Infrastructure.AccountAcl.csproj", "{8D45631B-BC80-4D2B-B487-C425401E8C50}"
EndProject
Global
	GlobalSection(SolutionConfigurationPlatforms) = preSolution
		Debug|Any CPU = Debug|Any CPU
		Release|Any CPU = Release|Any CPU
	EndGlobalSection
	GlobalSection(ProjectConfigurationPlatforms) = postSolution
		{D3B1DC2E-F3AA-437C-BDA5-15A33786C0AE}.Debug|Any CPU.ActiveCfg = Debug|Any CPU
		{D3B1DC2E-F3AA-437C-BDA5-15A33786C0AE}.Debug|Any CPU.Build.0 = Debug|Any CPU
		{D3B1DC2E-F3AA-437C-BDA5-15A33786C0AE}.Release|Any CPU.ActiveCfg = Release|Any CPU
		{D3B1DC2E-F3AA-437C-BDA5-15A33786C0AE}.Release|Any CPU.Build.0 = Release|Any CPU
		{29F52AF1-D9A9-4539-B1F3-90C33676C8B4}.Debug|Any CPU.ActiveCfg = Debug|Any CPU
		{29F52AF1-D9A9-4539-B1F3-90C33676C8B4}.Debug|Any CPU.Build.0 = Debug|Any CPU
		{29F52AF1-D9A9-4539-B1F3-90C33676C8B4}.Release|Any CPU.ActiveCfg = Release|Any CPU
		{29F52AF1-D9A9-4539-B1F3-90C33676C8B4}.Release|Any CPU.Build.0 = Release|Any CPU
		{C2BE17D2-D5D5-4D1E-A7DA-281E98EB4C1E}.Debug|Any CPU.ActiveCfg = Debug|Any CPU
		{C2BE17D2-D5D5-4D1E-A7DA-281E98EB4C1E}.Debug|Any CPU.Build.0 = Debug|Any CPU
		{C2BE17D2-D5D5-4D1E-A7DA-281E98EB4C1E}.Release|Any CPU.ActiveCfg = Release|Any CPU
		{C2BE17D2-D5D5-4D1E-A7DA-281E98EB4C1E}.Release|Any CPU.Build.0 = Release|Any CPU
		{1992F252-71EA-47FD-8045-1546050409EE}.Debug|Any CPU.ActiveCfg = Debug|Any CPU
		{1992F252-71EA-47FD-8045-1546050409EE}.Debug|Any CPU.Build.0 = Debug|Any CPU
		{1992F252-71EA-47FD-8045-1546050409EE}.Release|Any CPU.ActiveCfg = Release|Any CPU
		{1992F252-71EA-47FD-8045-1546050409EE}.Release|Any CPU.Build.0 = Release|Any CPU
		{CCC54C54-C7D6-4B7D-A589-0F28B61D1D1C}.Debug|Any CPU.ActiveCfg = Debug|Any CPU
		{CCC54C54-C7D6-4B7D-A589-0F28B61D1D1C}.Debug|Any CPU.Build.0 = Debug|Any CPU
		{CCC54C54-C7D6-4B7D-A589-0F28B61D1D1C}.Release|Any CPU.ActiveCfg = Release|Any CPU
		{CCC54C54-C7D6-4B7D-A589-0F28B61D1D1C}.Release|Any CPU.Build.0 = Release|Any CPU
		{0A3ECDB4-E86F-4F2B-A6BA-D08D7DFE0E9E}.Debug|Any CPU.ActiveCfg = Debug|Any CPU
		{0A3ECDB4-E86F-4F2B-A6BA-D08D7DFE0E9E}.Debug|Any CPU.Build.0 = Debug|Any CPU
		{0A3ECDB4-E86F-4F2B-A6BA-D08D7DFE0E9E}.Release|Any CPU.ActiveCfg = Release|Any CPU
		{0A3ECDB4-E86F-4F2B-A6BA-D08D7DFE0E9E}.Release|Any CPU.Build.0 = Release|Any CPU
		{3DEE461F-AA5A-4CD6-BA66-F16887EFD763}.Debug|Any CPU.ActiveCfg = Debug|Any CPU
		{3DEE461F-AA5A-4CD6-BA66-F16887EFD763}.Debug|Any CPU.Build.0 = Debug|Any CPU
		{3DEE461F-AA5A-4CD6-BA66-F16887EFD763}.Release|Any CPU.ActiveCfg = Release|Any CPU
		{3DEE461F-AA5A-4CD6-BA66-F16887EFD763}.Release|Any CPU.Build.0 = Release|Any CPU
		{655F26E1-E6DB-4A44-94AB-73A655A4D988}.Debug|Any CPU.ActiveCfg = Debug|Any CPU
		{655F26E1-E6DB-4A44-94AB-73A655A4D988}.Debug|Any CPU.Build.0 = Debug|Any CPU
		{655F26E1-E6DB-4A44-94AB-73A655A4D988}.Release|Any CPU.ActiveCfg = Release|Any CPU
		{655F26E1-E6DB-4A44-94AB-73A655A4D988}.Release|Any CPU.Build.0 = Release|Any CPU
		{F1DF0EB3-39DA-4DDC-8111-1B658F65B821}.Debug|Any CPU.ActiveCfg = Debug|Any CPU
		{F1DF0EB3-39DA-4DDC-8111-1B658F65B821}.Debug|Any CPU.Build.0 = Debug|Any CPU
		{F1DF0EB3-39DA-4DDC-8111-1B658F65B821}.Release|Any CPU.ActiveCfg = Release|Any CPU
		{F1DF0EB3-39DA-4DDC-8111-1B658F65B821}.Release|Any CPU.Build.0 = Release|Any CPU
		{3CA56CEF-6835-4436-AEB7-0687B8D131B3}.Debug|Any CPU.ActiveCfg = Debug|Any CPU
		{3CA56CEF-6835-4436-AEB7-0687B8D131B3}.Debug|Any CPU.Build.0 = Debug|Any CPU
		{3CA56CEF-6835-4436-AEB7-0687B8D131B3}.Release|Any CPU.ActiveCfg = Release|Any CPU
		{3CA56CEF-6835-4436-AEB7-0687B8D131B3}.Release|Any CPU.Build.0 = Release|Any CPU
		{24D527EC-F187-4A8C-A1E0-DD1827F1F705}.Debug|Any CPU.ActiveCfg = Debug|Any CPU
		{24D527EC-F187-4A8C-A1E0-DD1827F1F705}.Debug|Any CPU.Build.0 = Debug|Any CPU
		{24D527EC-F187-4A8C-A1E0-DD1827F1F705}.Release|Any CPU.ActiveCfg = Release|Any CPU
		{24D527EC-F187-4A8C-A1E0-DD1827F1F705}.Release|Any CPU.Build.0 = Release|Any CPU
		{5BDFF83C-2454-44D2-857B-4FCDE18F9B74}.Debug|Any CPU.ActiveCfg = Debug|Any CPU
		{5BDFF83C-2454-44D2-857B-4FCDE18F9B74}.Debug|Any CPU.Build.0 = Debug|Any CPU
		{5BDFF83C-2454-44D2-857B-4FCDE18F9B74}.Release|Any CPU.ActiveCfg = Release|Any CPU
		{5BDFF83C-2454-44D2-857B-4FCDE18F9B74}.Release|Any CPU.Build.0 = Release|Any CPU
		{66D1BDF8-98F6-4009-8746-518B814BCAD4}.Debug|Any CPU.ActiveCfg = Debug|Any CPU
		{66D1BDF8-98F6-4009-8746-518B814BCAD4}.Debug|Any CPU.Build.0 = Debug|Any CPU
		{66D1BDF8-98F6-4009-8746-518B814BCAD4}.Release|Any CPU.ActiveCfg = Release|Any CPU
		{66D1BDF8-98F6-4009-8746-518B814BCAD4}.Release|Any CPU.Build.0 = Release|Any CPU
		{96F5B640-8FAD-4AAA-A43D-166FB7429880}.Debug|Any CPU.ActiveCfg = Debug|Any CPU
		{96F5B640-8FAD-4AAA-A43D-166FB7429880}.Debug|Any CPU.Build.0 = Debug|Any CPU
		{96F5B640-8FAD-4AAA-A43D-166FB7429880}.Release|Any CPU.ActiveCfg = Release|Any CPU
		{96F5B640-8FAD-4AAA-A43D-166FB7429880}.Release|Any CPU.Build.0 = Release|Any CPU
		{013176E9-47A7-4F60-9050-2BA7589924AA}.Debug|Any CPU.ActiveCfg = Debug|Any CPU
		{013176E9-47A7-4F60-9050-2BA7589924AA}.Debug|Any CPU.Build.0 = Debug|Any CPU
		{013176E9-47A7-4F60-9050-2BA7589924AA}.Release|Any CPU.ActiveCfg = Release|Any CPU
		{013176E9-47A7-4F60-9050-2BA7589924AA}.Release|Any CPU.Build.0 = Release|Any CPU
		{C8D4D471-E413-4103-8AFF-B5F3545E65D4}.Debug|Any CPU.ActiveCfg = Debug|Any CPU
		{C8D4D471-E413-4103-8AFF-B5F3545E65D4}.Debug|Any CPU.Build.0 = Debug|Any CPU
		{C8D4D471-E413-4103-8AFF-B5F3545E65D4}.Release|Any CPU.ActiveCfg = Release|Any CPU
		{C8D4D471-E413-4103-8AFF-B5F3545E65D4}.Release|Any CPU.Build.0 = Release|Any CPU
		{BF40D1CB-5C47-46C2-8147-75DDDB2188B0}.Debug|Any CPU.ActiveCfg = Debug|Any CPU
		{BF40D1CB-5C47-46C2-8147-75DDDB2188B0}.Debug|Any CPU.Build.0 = Debug|Any CPU
		{BF40D1CB-5C47-46C2-8147-75DDDB2188B0}.Release|Any CPU.ActiveCfg = Release|Any CPU
		{BF40D1CB-5C47-46C2-8147-75DDDB2188B0}.Release|Any CPU.Build.0 = Release|Any CPU
		{8B6C4F33-3DCE-4AAD-B2EF-F0B8A5A80922}.Debug|Any CPU.ActiveCfg = Debug|Any CPU
		{8B6C4F33-3DCE-4AAD-B2EF-F0B8A5A80922}.Debug|Any CPU.Build.0 = Debug|Any CPU
		{8B6C4F33-3DCE-4AAD-B2EF-F0B8A5A80922}.Release|Any CPU.ActiveCfg = Release|Any CPU
		{8B6C4F33-3DCE-4AAD-B2EF-F0B8A5A80922}.Release|Any CPU.Build.0 = Release|Any CPU
		{DF7B8A09-8859-4C4F-984A-B4EF78B16A5B}.Debug|Any CPU.ActiveCfg = Debug|Any CPU
		{DF7B8A09-8859-4C4F-984A-B4EF78B16A5B}.Debug|Any CPU.Build.0 = Debug|Any CPU
		{DF7B8A09-8859-4C4F-984A-B4EF78B16A5B}.Release|Any CPU.ActiveCfg = Release|Any CPU
		{DF7B8A09-8859-4C4F-984A-B4EF78B16A5B}.Release|Any CPU.Build.0 = Release|Any CPU
		{444F09CB-FE90-4EC5-8940-46302BC6FE20}.Debug|Any CPU.ActiveCfg = Debug|Any CPU
		{444F09CB-FE90-4EC5-8940-46302BC6FE20}.Debug|Any CPU.Build.0 = Debug|Any CPU
		{444F09CB-FE90-4EC5-8940-46302BC6FE20}.Release|Any CPU.ActiveCfg = Release|Any CPU
		{444F09CB-FE90-4EC5-8940-46302BC6FE20}.Release|Any CPU.Build.0 = Release|Any CPU
		{E9F4C97C-84F4-4826-A37A-4B54691DDB0C}.Debug|Any CPU.ActiveCfg = Debug|Any CPU
		{E9F4C97C-84F4-4826-A37A-4B54691DDB0C}.Debug|Any CPU.Build.0 = Debug|Any CPU
		{E9F4C97C-84F4-4826-A37A-4B54691DDB0C}.Release|Any CPU.ActiveCfg = Release|Any CPU
		{E9F4C97C-84F4-4826-A37A-4B54691DDB0C}.Release|Any CPU.Build.0 = Release|Any CPU
		{4BB9A5B0-8554-4768-94A3-D48DAC6270B0}.Debug|Any CPU.ActiveCfg = Debug|Any CPU
		{4BB9A5B0-8554-4768-94A3-D48DAC6270B0}.Debug|Any CPU.Build.0 = Debug|Any CPU
		{4BB9A5B0-8554-4768-94A3-D48DAC6270B0}.Release|Any CPU.ActiveCfg = Release|Any CPU
		{4BB9A5B0-8554-4768-94A3-D48DAC6270B0}.Release|Any CPU.Build.0 = Release|Any CPU
		{A13BE000-865B-48C7-8162-6DD87BC23326}.Debug|Any CPU.ActiveCfg = Debug|Any CPU
		{A13BE000-865B-48C7-8162-6DD87BC23326}.Debug|Any CPU.Build.0 = Debug|Any CPU
		{A13BE000-865B-48C7-8162-6DD87BC23326}.Release|Any CPU.ActiveCfg = Release|Any CPU
		{A13BE000-865B-48C7-8162-6DD87BC23326}.Release|Any CPU.Build.0 = Release|Any CPU
		{C8CA96EC-7298-4F4B-ACFE-6202F470AF09}.Debug|Any CPU.ActiveCfg = Debug|Any CPU
		{C8CA96EC-7298-4F4B-ACFE-6202F470AF09}.Debug|Any CPU.Build.0 = Debug|Any CPU
		{C8CA96EC-7298-4F4B-ACFE-6202F470AF09}.Release|Any CPU.ActiveCfg = Release|Any CPU
		{C8CA96EC-7298-4F4B-ACFE-6202F470AF09}.Release|Any CPU.Build.0 = Release|Any CPU
		{23A8ED80-3649-4E86-9480-684BC7D8FE2B}.Debug|Any CPU.ActiveCfg = Debug|Any CPU
		{23A8ED80-3649-4E86-9480-684BC7D8FE2B}.Debug|Any CPU.Build.0 = Debug|Any CPU
		{23A8ED80-3649-4E86-9480-684BC7D8FE2B}.Release|Any CPU.ActiveCfg = Release|Any CPU
		{23A8ED80-3649-4E86-9480-684BC7D8FE2B}.Release|Any CPU.Build.0 = Release|Any CPU
		{EE268C97-C82B-4A40-A97F-654CACF209E7}.Debug|Any CPU.ActiveCfg = Debug|Any CPU
		{EE268C97-C82B-4A40-A97F-654CACF209E7}.Debug|Any CPU.Build.0 = Debug|Any CPU
		{EE268C97-C82B-4A40-A97F-654CACF209E7}.Release|Any CPU.ActiveCfg = Release|Any CPU
		{EE268C97-C82B-4A40-A97F-654CACF209E7}.Release|Any CPU.Build.0 = Release|Any CPU
		{B89DD5B4-594E-4B08-981D-33BEED47071E}.Debug|Any CPU.ActiveCfg = Debug|Any CPU
		{B89DD5B4-594E-4B08-981D-33BEED47071E}.Debug|Any CPU.Build.0 = Debug|Any CPU
		{B89DD5B4-594E-4B08-981D-33BEED47071E}.Release|Any CPU.ActiveCfg = Release|Any CPU
		{B89DD5B4-594E-4B08-981D-33BEED47071E}.Release|Any CPU.Build.0 = Release|Any CPU
		{5D2738F8-9BB8-4565-99A0-4BC4575EE023}.Debug|Any CPU.ActiveCfg = Debug|Any CPU
		{5D2738F8-9BB8-4565-99A0-4BC4575EE023}.Debug|Any CPU.Build.0 = Debug|Any CPU
		{5D2738F8-9BB8-4565-99A0-4BC4575EE023}.Release|Any CPU.ActiveCfg = Release|Any CPU
		{5D2738F8-9BB8-4565-99A0-4BC4575EE023}.Release|Any CPU.Build.0 = Release|Any CPU
		{61832501-FADC-4AAB-B279-C62678A2C71E}.Debug|Any CPU.ActiveCfg = Debug|Any CPU
		{61832501-FADC-4AAB-B279-C62678A2C71E}.Debug|Any CPU.Build.0 = Debug|Any CPU
		{61832501-FADC-4AAB-B279-C62678A2C71E}.Release|Any CPU.ActiveCfg = Release|Any CPU
		{61832501-FADC-4AAB-B279-C62678A2C71E}.Release|Any CPU.Build.0 = Release|Any CPU
		{3EEF7A47-6861-4603-A0C6-92D8D3FF14BE}.Debug|Any CPU.ActiveCfg = Debug|Any CPU
		{3EEF7A47-6861-4603-A0C6-92D8D3FF14BE}.Debug|Any CPU.Build.0 = Debug|Any CPU
		{3EEF7A47-6861-4603-A0C6-92D8D3FF14BE}.Release|Any CPU.ActiveCfg = Release|Any CPU
		{3EEF7A47-6861-4603-A0C6-92D8D3FF14BE}.Release|Any CPU.Build.0 = Release|Any CPU
		{9F190BA1-9057-4680-A4C9-10E4F1215B1E}.Debug|Any CPU.ActiveCfg = Debug|Any CPU
		{9F190BA1-9057-4680-A4C9-10E4F1215B1E}.Debug|Any CPU.Build.0 = Debug|Any CPU
		{9F190BA1-9057-4680-A4C9-10E4F1215B1E}.Release|Any CPU.ActiveCfg = Release|Any CPU
		{9F190BA1-9057-4680-A4C9-10E4F1215B1E}.Release|Any CPU.Build.0 = Release|Any CPU
		{5DD8B15F-BED4-4B53-A2C8-ACB4078A52BC}.Debug|Any CPU.ActiveCfg = Debug|Any CPU
		{5DD8B15F-BED4-4B53-A2C8-ACB4078A52BC}.Debug|Any CPU.Build.0 = Debug|Any CPU
		{5DD8B15F-BED4-4B53-A2C8-ACB4078A52BC}.Release|Any CPU.ActiveCfg = Release|Any CPU
		{5DD8B15F-BED4-4B53-A2C8-ACB4078A52BC}.Release|Any CPU.Build.0 = Release|Any CPU
		{F623EF8C-A3B1-4FD1-A01D-80E4456AE7AE}.Debug|Any CPU.ActiveCfg = Debug|Any CPU
		{F623EF8C-A3B1-4FD1-A01D-80E4456AE7AE}.Debug|Any CPU.Build.0 = Debug|Any CPU
		{F623EF8C-A3B1-4FD1-A01D-80E4456AE7AE}.Release|Any CPU.ActiveCfg = Release|Any CPU
		{F623EF8C-A3B1-4FD1-A01D-80E4456AE7AE}.Release|Any CPU.Build.0 = Release|Any CPU
		{E59FA919-FC12-42C4-AB73-922DDE355787}.Debug|Any CPU.ActiveCfg = Debug|Any CPU
		{E59FA919-FC12-42C4-AB73-922DDE355787}.Debug|Any CPU.Build.0 = Debug|Any CPU
		{E59FA919-FC12-42C4-AB73-922DDE355787}.Release|Any CPU.ActiveCfg = Release|Any CPU
		{E59FA919-FC12-42C4-AB73-922DDE355787}.Release|Any CPU.Build.0 = Release|Any CPU
		{C5EF3C22-1416-4094-88F6-3DD79570F88D}.Debug|Any CPU.ActiveCfg = Debug|Any CPU
		{C5EF3C22-1416-4094-88F6-3DD79570F88D}.Debug|Any CPU.Build.0 = Debug|Any CPU
		{C5EF3C22-1416-4094-88F6-3DD79570F88D}.Release|Any CPU.ActiveCfg = Release|Any CPU
		{C5EF3C22-1416-4094-88F6-3DD79570F88D}.Release|Any CPU.Build.0 = Release|Any CPU
		{9BA58DEC-8085-4201-8A71-7D4ADD87835C}.Debug|Any CPU.ActiveCfg = Debug|Any CPU
		{9BA58DEC-8085-4201-8A71-7D4ADD87835C}.Debug|Any CPU.Build.0 = Debug|Any CPU
		{9BA58DEC-8085-4201-8A71-7D4ADD87835C}.Release|Any CPU.ActiveCfg = Release|Any CPU
		{9BA58DEC-8085-4201-8A71-7D4ADD87835C}.Release|Any CPU.Build.0 = Release|Any CPU
		{B2C0B730-26DF-41BB-8047-D2A96D98F1A6}.Debug|Any CPU.ActiveCfg = Debug|Any CPU
		{B2C0B730-26DF-41BB-8047-D2A96D98F1A6}.Debug|Any CPU.Build.0 = Debug|Any CPU
		{B2C0B730-26DF-41BB-8047-D2A96D98F1A6}.Release|Any CPU.ActiveCfg = Release|Any CPU
		{B2C0B730-26DF-41BB-8047-D2A96D98F1A6}.Release|Any CPU.Build.0 = Release|Any CPU
		{8D45631B-BC80-4D2B-B487-C425401E8C50}.Debug|Any CPU.ActiveCfg = Debug|Any CPU
		{8D45631B-BC80-4D2B-B487-C425401E8C50}.Debug|Any CPU.Build.0 = Debug|Any CPU
		{8D45631B-BC80-4D2B-B487-C425401E8C50}.Release|Any CPU.ActiveCfg = Release|Any CPU
		{8D45631B-BC80-4D2B-B487-C425401E8C50}.Release|Any CPU.Build.0 = Release|Any CPU
	EndGlobalSection
	GlobalSection(SolutionProperties) = preSolution
		HideSolutionNode = FALSE
	EndGlobalSection
	GlobalSection(NestedProjects) = preSolution
		{D3B1DC2E-F3AA-437C-BDA5-15A33786C0AE} = {01634C96-D03E-4F3A-A899-85949CEE889A}
		{A83CCE22-A904-4750-B4F4-9182C6194DC6} = {7959443C-E579-4D6C-834F-C2F944F87CB2}
		{29F52AF1-D9A9-4539-B1F3-90C33676C8B4} = {A83CCE22-A904-4750-B4F4-9182C6194DC6}
		{C5B9C3CE-1431-49F8-8CCC-6EDEB08D504F} = {7959443C-E579-4D6C-834F-C2F944F87CB2}
		{C2BE17D2-D5D5-4D1E-A7DA-281E98EB4C1E} = {C5B9C3CE-1431-49F8-8CCC-6EDEB08D504F}
		{1992F252-71EA-47FD-8045-1546050409EE} = {C5B9C3CE-1431-49F8-8CCC-6EDEB08D504F}
		{D29422F7-F8D2-4818-A753-18BE02C037A0} = {7959443C-E579-4D6C-834F-C2F944F87CB2}
		{CCC54C54-C7D6-4B7D-A589-0F28B61D1D1C} = {D29422F7-F8D2-4818-A753-18BE02C037A0}
		{0A3ECDB4-E86F-4F2B-A6BA-D08D7DFE0E9E} = {D29422F7-F8D2-4818-A753-18BE02C037A0}
		{655F26E1-E6DB-4A44-94AB-73A655A4D988} = {BEFBCD93-1ECB-4E58-B8A4-FA114264AED5}
		{C01D0D33-29CD-402B-AC5F-457767FBFFFA} = {D6D4D629-D1B6-4383-AAED-8DD0560A0585}
		{4507E826-F203-485E-8387-BC602289EEFC} = {D6D4D629-D1B6-4383-AAED-8DD0560A0585}
		{5611E876-7B98-43A9-A4B3-D886F9F05E46} = {D6D4D629-D1B6-4383-AAED-8DD0560A0585}
		{F1DF0EB3-39DA-4DDC-8111-1B658F65B821} = {C01D0D33-29CD-402B-AC5F-457767FBFFFA}
		{3CA56CEF-6835-4436-AEB7-0687B8D131B3} = {C01D0D33-29CD-402B-AC5F-457767FBFFFA}
		{24D527EC-F187-4A8C-A1E0-DD1827F1F705} = {4507E826-F203-485E-8387-BC602289EEFC}
		{5BDFF83C-2454-44D2-857B-4FCDE18F9B74} = {5611E876-7B98-43A9-A4B3-D886F9F05E46}
		{66D1BDF8-98F6-4009-8746-518B814BCAD4} = {5611E876-7B98-43A9-A4B3-D886F9F05E46}
		{FAC3176A-D240-4E83-B1BB-C46282939A03} = {E5CB496F-1B12-475C-AE9B-7EADE338E07F}
		{96F5B640-8FAD-4AAA-A43D-166FB7429880} = {FAC3176A-D240-4E83-B1BB-C46282939A03}
		{8137AF19-E707-47DA-A187-31C40F6A4DEA} = {E5CB496F-1B12-475C-AE9B-7EADE338E07F}
		{013176E9-47A7-4F60-9050-2BA7589924AA} = {8137AF19-E707-47DA-A187-31C40F6A4DEA}
		{C8D4D471-E413-4103-8AFF-B5F3545E65D4} = {8137AF19-E707-47DA-A187-31C40F6A4DEA}
		{F196F85D-B27A-45B0-BF26-E300903BF258} = {E5CB496F-1B12-475C-AE9B-7EADE338E07F}
		{BF40D1CB-5C47-46C2-8147-75DDDB2188B0} = {F196F85D-B27A-45B0-BF26-E300903BF258}
		{8B6C4F33-3DCE-4AAD-B2EF-F0B8A5A80922} = {F196F85D-B27A-45B0-BF26-E300903BF258}
		{C3754F7E-16D8-4495-ACAF-332E9238F611} = {2C4A763C-3377-4062-9F9B-7097EB583A27}
		{07234B5B-201F-422D-9298-46CE75E904E3} = {2C4A763C-3377-4062-9F9B-7097EB583A27}
		{39549240-B01C-4DFA-9EF6-72CE40E6021B} = {2C4A763C-3377-4062-9F9B-7097EB583A27}
		{DF7B8A09-8859-4C4F-984A-B4EF78B16A5B} = {07234B5B-201F-422D-9298-46CE75E904E3}
		{444F09CB-FE90-4EC5-8940-46302BC6FE20} = {C3754F7E-16D8-4495-ACAF-332E9238F611}
		{E9F4C97C-84F4-4826-A37A-4B54691DDB0C} = {C3754F7E-16D8-4495-ACAF-332E9238F611}
		{4BB9A5B0-8554-4768-94A3-D48DAC6270B0} = {39549240-B01C-4DFA-9EF6-72CE40E6021B}
		{A13BE000-865B-48C7-8162-6DD87BC23326} = {39549240-B01C-4DFA-9EF6-72CE40E6021B}
		{C4B6F29B-B237-4AD2-A2D5-4AB3518EB934} = {98E26C24-3803-49E1-B5D0-D50E63F43B0B}
		{88B243E2-7074-4582-B69B-83D6D35DFEF2} = {98E26C24-3803-49E1-B5D0-D50E63F43B0B}
		{91AD27B5-B24E-488C-A282-64093E4A25DD} = {98E26C24-3803-49E1-B5D0-D50E63F43B0B}
		{C8CA96EC-7298-4F4B-ACFE-6202F470AF09} = {C4B6F29B-B237-4AD2-A2D5-4AB3518EB934}
		{23A8ED80-3649-4E86-9480-684BC7D8FE2B} = {88B243E2-7074-4582-B69B-83D6D35DFEF2}
		{EE268C97-C82B-4A40-A97F-654CACF209E7} = {88B243E2-7074-4582-B69B-83D6D35DFEF2}
		{B89DD5B4-594E-4B08-981D-33BEED47071E} = {91AD27B5-B24E-488C-A282-64093E4A25DD}
		{5D2738F8-9BB8-4565-99A0-4BC4575EE023} = {91AD27B5-B24E-488C-A282-64093E4A25DD}
		{9466ACC4-08C5-45DB-B08A-6CAA74936A90} = {56F77ED1-232B-479B-8A06-0F7A30CA1BED}
		{95B71879-F550-4970-AD35-119CDEABF31B} = {56F77ED1-232B-479B-8A06-0F7A30CA1BED}
		{7F5E987D-2B67-4DDB-8961-394F25DFC281} = {56F77ED1-232B-479B-8A06-0F7A30CA1BED}
		{61832501-FADC-4AAB-B279-C62678A2C71E} = {95B71879-F550-4970-AD35-119CDEABF31B}
		{3EEF7A47-6861-4603-A0C6-92D8D3FF14BE} = {95B71879-F550-4970-AD35-119CDEABF31B}
		{9F190BA1-9057-4680-A4C9-10E4F1215B1E} = {9466ACC4-08C5-45DB-B08A-6CAA74936A90}
		{5DD8B15F-BED4-4B53-A2C8-ACB4078A52BC} = {7F5E987D-2B67-4DDB-8961-394F25DFC281}
		{F623EF8C-A3B1-4FD1-A01D-80E4456AE7AE} = {7F5E987D-2B67-4DDB-8961-394F25DFC281}
		{E59FA919-FC12-42C4-AB73-922DDE355787} = {D29422F7-F8D2-4818-A753-18BE02C037A0}
		{15A2F634-88C5-4AB5-B8D8-B0BC12B1C0D6} = {7959443C-E579-4D6C-834F-C2F944F87CB2}
		{C5EF3C22-1416-4094-88F6-3DD79570F88D} = {15A2F634-88C5-4AB5-B8D8-B0BC12B1C0D6}
		{F49390DC-E6B3-49AE-A4CA-80C9B9FB1BA1} = {E5CB496F-1B12-475C-AE9B-7EADE338E07F}
		{9BA58DEC-8085-4201-8A71-7D4ADD87835C} = {F49390DC-E6B3-49AE-A4CA-80C9B9FB1BA1}
		{C1D0D213-6583-44C7-85B8-11090323F4AE} = {2C4A763C-3377-4062-9F9B-7097EB583A27}
		{B2C0B730-26DF-41BB-8047-D2A96D98F1A6} = {C1D0D213-6583-44C7-85B8-11090323F4AE}
		{8D45631B-BC80-4D2B-B487-C425401E8C50} = {D29422F7-F8D2-4818-A753-18BE02C037A0}
	EndGlobalSection
	GlobalSection(ExtensibilityGlobals) = postSolution
		SolutionGuid = {49005EC8-562B-40A9-BCFB-B2D4775C4EE9}
	EndGlobalSection
EndGlobal
